// !$*UTF8*$!
{
	archiveVersion = 1;
	classes = {
	};
	objectVersion = 46;
	objects = {

/* Begin PBXBuildFile section */
		7158A8BF1D462DE200096874 /* AppDelegate.swift in Sources */ = {isa = PBXBuildFile; fileRef = 7158A8BE1D462DE200096874 /* AppDelegate.swift */; };
		7158A8C11D462DE200096874 /* ViewController.swift in Sources */ = {isa = PBXBuildFile; fileRef = 7158A8C01D462DE200096874 /* ViewController.swift */; };
		7158A8C41D462DE200096874 /* Main.storyboard in Resources */ = {isa = PBXBuildFile; fileRef = 7158A8C21D462DE200096874 /* Main.storyboard */; };
		7158A8C61D462DE200096874 /* Assets.xcassets in Resources */ = {isa = PBXBuildFile; fileRef = 7158A8C51D462DE200096874 /* Assets.xcassets */; };
		7158A8C91D462DE200096874 /* LaunchScreen.storyboard in Resources */ = {isa = PBXBuildFile; fileRef = 7158A8C71D462DE200096874 /* LaunchScreen.storyboard */; };
		7158A8D41D462DE200096874 /* JsonSerializationTests.swift in Sources */ = {isa = PBXBuildFile; fileRef = 7158A8D31D462DE200096874 /* JsonSerializationTests.swift */; };
		7158A8DF1D462DE200096874 /* JsonSerializationUITests.swift in Sources */ = {isa = PBXBuildFile; fileRef = 7158A8DE1D462DE200096874 /* JsonSerializationUITests.swift */; };
/* End PBXBuildFile section */

/* Begin PBXContainerItemProxy section */
		7158A8D01D462DE200096874 /* PBXContainerItemProxy */ = {
			isa = PBXContainerItemProxy;
			containerPortal = 7158A8B31D462DE200096874 /* Project object */;
			proxyType = 1;
			remoteGlobalIDString = 7158A8BA1D462DE200096874;
			remoteInfo = JsonSerialization;
		};
		7158A8DB1D462DE200096874 /* PBXContainerItemProxy */ = {
			isa = PBXContainerItemProxy;
			containerPortal = 7158A8B31D462DE200096874 /* Project object */;
			proxyType = 1;
			remoteGlobalIDString = 7158A8BA1D462DE200096874;
			remoteInfo = JsonSerialization;
		};
/* End PBXContainerItemProxy section */

/* Begin PBXFileReference section */
		7158A8BB1D462DE200096874 /* JsonSerialization.app */ = {isa = PBXFileReference; explicitFileType = wrapper.application; includeInIndex = 0; path = JsonSerialization.app; sourceTree = BUILT_PRODUCTS_DIR; };
		7158A8BE1D462DE200096874 /* AppDelegate.swift */ = {isa = PBXFileReference; lastKnownFileType = sourcecode.swift; path = AppDelegate.swift; sourceTree = "<group>"; };
		7158A8C01D462DE200096874 /* ViewController.swift */ = {isa = PBXFileReference; lastKnownFileType = sourcecode.swift; path = ViewController.swift; sourceTree = "<group>"; };
		7158A8C31D462DE200096874 /* Base */ = {isa = PBXFileReference; lastKnownFileType = file.storyboard; name = Base; path = Base.lproj/Main.storyboard; sourceTree = "<group>"; };
		7158A8C51D462DE200096874 /* Assets.xcassets */ = {isa = PBXFileReference; lastKnownFileType = folder.assetcatalog; path = Assets.xcassets; sourceTree = "<group>"; };
		7158A8C81D462DE200096874 /* Base */ = {isa = PBXFileReference; lastKnownFileType = file.storyboard; name = Base; path = Base.lproj/LaunchScreen.storyboard; sourceTree = "<group>"; };
		7158A8CA1D462DE200096874 /* Info.plist */ = {isa = PBXFileReference; lastKnownFileType = text.plist.xml; path = Info.plist; sourceTree = "<group>"; };
		7158A8CF1D462DE200096874 /* JsonSerializationTests.xctest */ = {isa = PBXFileReference; explicitFileType = wrapper.cfbundle; includeInIndex = 0; path = JsonSerializationTests.xctest; sourceTree = BUILT_PRODUCTS_DIR; };
		7158A8D31D462DE200096874 /* JsonSerializationTests.swift */ = {isa = PBXFileReference; lastKnownFileType = sourcecode.swift; path = JsonSerializationTests.swift; sourceTree = "<group>"; };
		7158A8D51D462DE200096874 /* Info.plist */ = {isa = PBXFileReference; lastKnownFileType = text.plist.xml; path = Info.plist; sourceTree = "<group>"; };
		7158A8DA1D462DE200096874 /* JsonSerializationUITests.xctest */ = {isa = PBXFileReference; explicitFileType = wrapper.cfbundle; includeInIndex = 0; path = JsonSerializationUITests.xctest; sourceTree = BUILT_PRODUCTS_DIR; };
		7158A8DE1D462DE200096874 /* JsonSerializationUITests.swift */ = {isa = PBXFileReference; lastKnownFileType = sourcecode.swift; path = JsonSerializationUITests.swift; sourceTree = "<group>"; };
		7158A8E01D462DE200096874 /* Info.plist */ = {isa = PBXFileReference; lastKnownFileType = text.plist.xml; path = Info.plist; sourceTree = "<group>"; };
/* End PBXFileReference section */

/* Begin PBXFrameworksBuildPhase section */
		7158A8B81D462DE200096874 /* Frameworks */ = {
			isa = PBXFrameworksBuildPhase;
			buildActionMask = 2147483647;
			files = (
			);
			runOnlyForDeploymentPostprocessing = 0;
		};
		7158A8CC1D462DE200096874 /* Frameworks */ = {
			isa = PBXFrameworksBuildPhase;
			buildActionMask = 2147483647;
			files = (
			);
			runOnlyForDeploymentPostprocessing = 0;
		};
		7158A8D71D462DE200096874 /* Frameworks */ = {
			isa = PBXFrameworksBuildPhase;
			buildActionMask = 2147483647;
			files = (
			);
			runOnlyForDeploymentPostprocessing = 0;
		};
/* End PBXFrameworksBuildPhase section */

/* Begin PBXGroup section */
		7158A8B21D462DE200096874 = {
			isa = PBXGroup;
			children = (
				7158A8BD1D462DE200096874 /* JsonSerialization */,
				7158A8D21D462DE200096874 /* JsonSerializationTests */,
				7158A8DD1D462DE200096874 /* JsonSerializationUITests */,
				7158A8BC1D462DE200096874 /* Products */,
			);
			sourceTree = "<group>";
		};
		7158A8BC1D462DE200096874 /* Products */ = {
			isa = PBXGroup;
			children = (
				7158A8BB1D462DE200096874 /* JsonSerialization.app */,
				7158A8CF1D462DE200096874 /* JsonSerializationTests.xctest */,
				7158A8DA1D462DE200096874 /* JsonSerializationUITests.xctest */,
			);
			name = Products;
			sourceTree = "<group>";
		};
		7158A8BD1D462DE200096874 /* JsonSerialization */ = {
			isa = PBXGroup;
			children = (
				7158A8BE1D462DE200096874 /* AppDelegate.swift */,
				7158A8C01D462DE200096874 /* ViewController.swift */,
				7158A8C21D462DE200096874 /* Main.storyboard */,
				7158A8C51D462DE200096874 /* Assets.xcassets */,
				7158A8C71D462DE200096874 /* LaunchScreen.storyboard */,
				7158A8CA1D462DE200096874 /* Info.plist */,
			);
			path = JsonSerialization;
			sourceTree = "<group>";
		};
		7158A8D21D462DE200096874 /* JsonSerializationTests */ = {
			isa = PBXGroup;
			children = (
				7158A8D31D462DE200096874 /* JsonSerializationTests.swift */,
				7158A8D51D462DE200096874 /* Info.plist */,
			);
			path = JsonSerializationTests;
			sourceTree = "<group>";
		};
		7158A8DD1D462DE200096874 /* JsonSerializationUITests */ = {
			isa = PBXGroup;
			children = (
				7158A8DE1D462DE200096874 /* JsonSerializationUITests.swift */,
				7158A8E01D462DE200096874 /* Info.plist */,
			);
			path = JsonSerializationUITests;
			sourceTree = "<group>";
		};
/* End PBXGroup section */

/* Begin PBXNativeTarget section */
		7158A8BA1D462DE200096874 /* JsonSerialization */ = {
			isa = PBXNativeTarget;
			buildConfigurationList = 7158A8E31D462DE200096874 /* Build configuration list for PBXNativeTarget "JsonSerialization" */;
			buildPhases = (
				7158A8B71D462DE200096874 /* Sources */,
				7158A8B81D462DE200096874 /* Frameworks */,
				7158A8B91D462DE200096874 /* Resources */,
			);
			buildRules = (
			);
			dependencies = (
			);
			name = JsonSerialization;
			productName = JsonSerialization;
			productReference = 7158A8BB1D462DE200096874 /* JsonSerialization.app */;
			productType = "com.apple.product-type.application";
		};
		7158A8CE1D462DE200096874 /* JsonSerializationTests */ = {
			isa = PBXNativeTarget;
			buildConfigurationList = 7158A8E61D462DE200096874 /* Build configuration list for PBXNativeTarget "JsonSerializationTests" */;
			buildPhases = (
				7158A8CB1D462DE200096874 /* Sources */,
				7158A8CC1D462DE200096874 /* Frameworks */,
				7158A8CD1D462DE200096874 /* Resources */,
			);
			buildRules = (
			);
			dependencies = (
				7158A8D11D462DE200096874 /* PBXTargetDependency */,
			);
			name = JsonSerializationTests;
			productName = JsonSerializationTests;
			productReference = 7158A8CF1D462DE200096874 /* JsonSerializationTests.xctest */;
			productType = "com.apple.product-type.bundle.unit-test";
		};
		7158A8D91D462DE200096874 /* JsonSerializationUITests */ = {
			isa = PBXNativeTarget;
			buildConfigurationList = 7158A8E91D462DE200096874 /* Build configuration list for PBXNativeTarget "JsonSerializationUITests" */;
			buildPhases = (
				7158A8D61D462DE200096874 /* Sources */,
				7158A8D71D462DE200096874 /* Frameworks */,
				7158A8D81D462DE200096874 /* Resources */,
			);
			buildRules = (
			);
			dependencies = (
				7158A8DC1D462DE200096874 /* PBXTargetDependency */,
			);
			name = JsonSerializationUITests;
			productName = JsonSerializationUITests;
			productReference = 7158A8DA1D462DE200096874 /* JsonSerializationUITests.xctest */;
			productType = "com.apple.product-type.bundle.ui-testing";
		};
/* End PBXNativeTarget section */

/* Begin PBXProject section */
		7158A8B31D462DE200096874 /* Project object */ = {
			isa = PBXProject;
			attributes = {
				LastSwiftUpdateCheck = 0730;
				LastUpgradeCheck = 0730;
				ORGANIZATIONNAME = "Kvana Inc 2";
				TargetAttributes = {
					7158A8BA1D462DE200096874 = {
						CreatedOnToolsVersion = 7.3.1;
					};
					7158A8CE1D462DE200096874 = {
						CreatedOnToolsVersion = 7.3.1;
						TestTargetID = 7158A8BA1D462DE200096874;
					};
					7158A8D91D462DE200096874 = {
						CreatedOnToolsVersion = 7.3.1;
						TestTargetID = 7158A8BA1D462DE200096874;
					};
				};
			};
			buildConfigurationList = 7158A8B61D462DE200096874 /* Build configuration list for PBXProject "JsonSerialization" */;
			compatibilityVersion = "Xcode 3.2";
			developmentRegion = English;
			hasScannedForEncodings = 0;
			knownRegions = (
				en,
				Base,
			);
			mainGroup = 7158A8B21D462DE200096874;
			productRefGroup = 7158A8BC1D462DE200096874 /* Products */;
			projectDirPath = "";
			projectRoot = "";
			targets = (
				7158A8BA1D462DE200096874 /* JsonSerialization */,
				7158A8CE1D462DE200096874 /* JsonSerializationTests */,
				7158A8D91D462DE200096874 /* JsonSerializationUITests */,
			);
		};
/* End PBXProject section */

/* Begin PBXResourcesBuildPhase section */
		7158A8B91D462DE200096874 /* Resources */ = {
			isa = PBXResourcesBuildPhase;
			buildActionMask = 2147483647;
			files = (
				7158A8C91D462DE200096874 /* LaunchScreen.storyboard in Resources */,
				7158A8C61D462DE200096874 /* Assets.xcassets in Resources */,
				7158A8C41D462DE200096874 /* Main.storyboard in Resources */,
			);
			runOnlyForDeploymentPostprocessing = 0;
		};
		7158A8CD1D462DE200096874 /* Resources */ = {
			isa = PBXResourcesBuildPhase;
			buildActionMask = 2147483647;
			files = (
			);
			runOnlyForDeploymentPostprocessing = 0;
		};
		7158A8D81D462DE200096874 /* Resources */ = {
			isa = PBXResourcesBuildPhase;
			buildActionMask = 2147483647;
			files = (
			);
			runOnlyForDeploymentPostprocessing = 0;
		};
/* End PBXResourcesBuildPhase section */

/* Begin PBXSourcesBuildPhase section */
		7158A8B71D462DE200096874 /* Sources */ = {
			isa = PBXSourcesBuildPhase;
			buildActionMask = 2147483647;
			files = (
				7158A8C11D462DE200096874 /* ViewController.swift in Sources */,
				7158A8BF1D462DE200096874 /* AppDelegate.swift in Sources */,
			);
			runOnlyForDeploymentPostprocessing = 0;
		};
		7158A8CB1D462DE200096874 /* Sources */ = {
			isa = PBXSourcesBuildPhase;
			buildActionMask = 2147483647;
			files = (
				7158A8D41D462DE200096874 /* JsonSerializationTests.swift in Sources */,
			);
			runOnlyForDeploymentPostprocessing = 0;
		};
		7158A8D61D462DE200096874 /* Sources */ = {
			isa = PBXSourcesBuildPhase;
			buildActionMask = 2147483647;
			files = (
				7158A8DF1D462DE200096874 /* JsonSerializationUITests.swift in Sources */,
			);
			runOnlyForDeploymentPostprocessing = 0;
		};
/* End PBXSourcesBuildPhase section */

/* Begin PBXTargetDependency section */
		7158A8D11D462DE200096874 /* PBXTargetDependency */ = {
			isa = PBXTargetDependency;
			target = 7158A8BA1D462DE200096874 /* JsonSerialization */;
			targetProxy = 7158A8D01D462DE200096874 /* PBXContainerItemProxy */;
		};
		7158A8DC1D462DE200096874 /* PBXTargetDependency */ = {
			isa = PBXTargetDependency;
			target = 7158A8BA1D462DE200096874 /* JsonSerialization */;
			targetProxy = 7158A8DB1D462DE200096874 /* PBXContainerItemProxy */;
		};
/* End PBXTargetDependency section */

/* Begin PBXVariantGroup section */
		7158A8C21D462DE200096874 /* Main.storyboard */ = {
			isa = PBXVariantGroup;
			children = (
				7158A8C31D462DE200096874 /* Base */,
			);
			name = Main.storyboard;
			sourceTree = "<group>";
		};
		7158A8C71D462DE200096874 /* LaunchScreen.storyboard */ = {
			isa = PBXVariantGroup;
			children = (
				7158A8C81D462DE200096874 /* Base */,
			);
			name = LaunchScreen.storyboard;
			sourceTree = "<group>";
		};
/* End PBXVariantGroup section */

/* Begin XCBuildConfiguration section */
		7158A8E11D462DE200096874 /* Debug */ = {
			isa = XCBuildConfiguration;
			buildSettings = {
				ALWAYS_SEARCH_USER_PATHS = NO;
				CLANG_ANALYZER_NONNULL = YES;
				CLANG_CXX_LANGUAGE_STANDARD = "gnu++0x";
				CLANG_CXX_LIBRARY = "libc++";
				CLANG_ENABLE_MODULES = YES;
				CLANG_ENABLE_OBJC_ARC = YES;
				CLANG_WARN_BOOL_CONVERSION = YES;
				CLANG_WARN_CONSTANT_CONVERSION = YES;
				CLANG_WARN_DIRECT_OBJC_ISA_USAGE = YES_ERROR;
				CLANG_WARN_EMPTY_BODY = YES;
				CLANG_WARN_ENUM_CONVERSION = YES;
				CLANG_WARN_INT_CONVERSION = YES;
				CLANG_WARN_OBJC_ROOT_CLASS = YES_ERROR;
				CLANG_WARN_UNREACHABLE_CODE = YES;
				CLANG_WARN__DUPLICATE_METHOD_MATCH = YES;
				"CODE_SIGN_IDENTITY[sdk=iphoneos*]" = "iPhone Developer";
				COPY_PHASE_STRIP = NO;
				DEBUG_INFORMATION_FORMAT = dwarf;
				ENABLE_STRICT_OBJC_MSGSEND = YES;
				ENABLE_TESTABILITY = YES;
				GCC_C_LANGUAGE_STANDARD = gnu99;
				GCC_DYNAMIC_NO_PIC = NO;
				GCC_NO_COMMON_BLOCKS = YES;
				GCC_OPTIMIZATION_LEVEL = 0;
				GCC_PREPROCESSOR_DEFINITIONS = (
					"DEBUG=1",
					"$(inherited)",
				);
				GCC_WARN_64_TO_32_BIT_CONVERSION = YES;
				GCC_WARN_ABOUT_RETURN_TYPE = YES_ERROR;
				GCC_WARN_UNDECLARED_SELECTOR = YES;
				GCC_WARN_UNINITIALIZED_AUTOS = YES_AGGRESSIVE;
				GCC_WARN_UNUSED_FUNCTION = YES;
				GCC_WARN_UNUSED_VARIABLE = YES;
				IPHONEOS_DEPLOYMENT_TARGET = 9.3;
				MTL_ENABLE_DEBUG_INFO = YES;
				ONLY_ACTIVE_ARCH = YES;
				SDKROOT = iphoneos;
				SWIFT_OPTIMIZATION_LEVEL = "-Onone";
			};
			name = Debug;
		};
		7158A8E21D462DE200096874 /* Release */ = {
			isa = XCBuildConfiguration;
			buildSettings = {
				ALWAYS_SEARCH_USER_PATHS = NO;
				CLANG_ANALYZER_NONNULL = YES;
				CLANG_CXX_LANGUAGE_STANDARD = "gnu++0x";
				CLANG_CXX_LIBRARY = "libc++";
				CLANG_ENABLE_MODULES = YES;
				CLANG_ENABLE_OBJC_ARC = YES;
				CLANG_WARN_BOOL_CONVERSION = YES;
				CLANG_WARN_CONSTANT_CONVERSION = YES;
				CLANG_WARN_DIRECT_OBJC_ISA_USAGE = YES_ERROR;
				CLANG_WARN_EMPTY_BODY = YES;
				CLANG_WARN_ENUM_CONVERSION = YES;
				CLANG_WARN_INT_CONVERSION = YES;
				CLANG_WARN_OBJC_ROOT_CLASS = YES_ERROR;
				CLANG_WARN_UNREACHABLE_CODE = YES;
				CLANG_WARN__DUPLICATE_METHOD_MATCH = YES;
				"CODE_SIGN_IDENTITY[sdk=iphoneos*]" = "iPhone Developer";
				COPY_PHASE_STRIP = NO;
				DEBUG_INFORMATION_FORMAT = "dwarf-with-dsym";
				ENABLE_NS_ASSERTIONS = NO;
				ENABLE_STRICT_OBJC_MSGSEND = YES;
				GCC_C_LANGUAGE_STANDARD = gnu99;
				GCC_NO_COMMON_BLOCKS = YES;
				GCC_WARN_64_TO_32_BIT_CONVERSION = YES;
				GCC_WARN_ABOUT_RETURN_TYPE = YES_ERROR;
				GCC_WARN_UNDECLARED_SELECTOR = YES;
				GCC_WARN_UNINITIALIZED_AUTOS = YES_AGGRESSIVE;
				GCC_WARN_UNUSED_FUNCTION = YES;
				GCC_WARN_UNUSED_VARIABLE = YES;
				IPHONEOS_DEPLOYMENT_TARGET = 9.3;
				MTL_ENABLE_DEBUG_INFO = NO;
				SDKROOT = iphoneos;
				VALIDATE_PRODUCT = YES;
			};
			name = Release;
		};
		7158A8E41D462DE200096874 /* Debug */ = {
			isa = XCBuildConfiguration;
			buildSettings = {
				ASSETCATALOG_COMPILER_APPICON_NAME = AppIcon;
				INFOPLIST_FILE = JsonSerialization/Info.plist;
				LD_RUNPATH_SEARCH_PATHS = "$(inherited) @executable_path/Frameworks";
				PRODUCT_BUNDLE_IDENTIFIER = com.JsonSerialization;
				PRODUCT_NAME = "$(TARGET_NAME)";
			};
			name = Debug;
		};
		7158A8E51D462DE200096874 /* Release */ = {
			isa = XCBuildConfiguration;
			buildSettings = {
				ASSETCATALOG_COMPILER_APPICON_NAME = AppIcon;
				INFOPLIST_FILE = JsonSerialization/Info.plist;
				LD_RUNPATH_SEARCH_PATHS = "$(inherited) @executable_path/Frameworks";
				PRODUCT_BUNDLE_IDENTIFIER = com.JsonSerialization;
				PRODUCT_NAME = "$(TARGET_NAME)";
			};
			name = Release;
		};
		7158A8E71D462DE200096874 /* Debug */ = {
			isa = XCBuildConfiguration;
			buildSettings = {
				BUNDLE_LOADER = "$(TEST_HOST)";
				INFOPLIST_FILE = JsonSerializationTests/Info.plist;
				LD_RUNPATH_SEARCH_PATHS = "$(inherited) @executable_path/Frameworks @loader_path/Frameworks";
				PRODUCT_BUNDLE_IDENTIFIER = com.JsonSerializationTests;
				PRODUCT_NAME = "$(TARGET_NAME)";
				TEST_HOST = "$(BUILT_PRODUCTS_DIR)/JsonSerialization.app/JsonSerialization";
			};
			name = Debug;
		};
		7158A8E81D462DE200096874 /* Release */ = {
			isa = XCBuildConfiguration;
			buildSettings = {
				BUNDLE_LOADER = "$(TEST_HOST)";
				INFOPLIST_FILE = JsonSerializationTests/Info.plist;
				LD_RUNPATH_SEARCH_PATHS = "$(inherited) @executable_path/Frameworks @loader_path/Frameworks";
				PRODUCT_BUNDLE_IDENTIFIER = com.JsonSerializationTests;
				PRODUCT_NAME = "$(TARGET_NAME)";
				TEST_HOST = "$(BUILT_PRODUCTS_DIR)/JsonSerialization.app/JsonSerialization";
			};
			name = Release;
		};
		7158A8EA1D462DE200096874 /* Debug */ = {
			isa = XCBuildConfiguration;
			buildSettings = {
				INFOPLIST_FILE = JsonSerializationUITests/Info.plist;
				LD_RUNPATH_SEARCH_PATHS = "$(inherited) @executable_path/Frameworks @loader_path/Frameworks";
				PRODUCT_BUNDLE_IDENTIFIER = com.JsonSerializationUITests;
				PRODUCT_NAME = "$(TARGET_NAME)";
				TEST_TARGET_NAME = JsonSerialization;
			};
			name = Debug;
		};
		7158A8EB1D462DE200096874 /* Release */ = {
			isa = XCBuildConfiguration;
			buildSettings = {
				INFOPLIST_FILE = JsonSerializationUITests/Info.plist;
				LD_RUNPATH_SEARCH_PATHS = "$(inherited) @executable_path/Frameworks @loader_path/Frameworks";
				PRODUCT_BUNDLE_IDENTIFIER = com.JsonSerializationUITests;
				PRODUCT_NAME = "$(TARGET_NAME)";
				TEST_TARGET_NAME = JsonSerialization;
			};
			name = Release;
		};
/* End XCBuildConfiguration section */

/* Begin XCConfigurationList section */
		7158A8B61D462DE200096874 /* Build configuration list for PBXProject "JsonSerialization" */ = {
			isa = XCConfigurationList;
			buildConfigurations = (
				7158A8E11D462DE200096874 /* Debug */,
				7158A8E21D462DE200096874 /* Release */,
			);
			defaultConfigurationIsVisible = 0;
			defaultConfigurationName = Release;
		};
		7158A8E31D462DE200096874 /* Build configuration list for PBXNativeTarget "JsonSerialization" */ = {
			isa = XCConfigurationList;
			buildConfigurations = (
				7158A8E41D462DE200096874 /* Debug */,
				7158A8E51D462DE200096874 /* Release */,
			);
			defaultConfigurationIsVisible = 0;
		};
		7158A8E61D462DE200096874 /* Build configuration list for PBXNativeTarget "JsonSerializationTests" */ = {
			isa = XCConfigurationList;
			buildConfigurations = (
				7158A8E71D462DE200096874 /* Debug */,
				7158A8E81D462DE200096874 /* Release */,
			);
			defaultConfigurationIsVisible = 0;
		};
		7158A8E91D462DE200096874 /* Build configuration list for PBXNativeTarget "JsonSerializationUITests" */ = {
			isa = XCConfigurationList;
			buildConfigurations = (
				7158A8EA1D462DE200096874 /* Debug */,
				7158A8EB1D462DE200096874 /* Release */,
			);
			defaultConfigurationIsVisible = 0;
		};
/* End XCConfigurationList section */
	};
	rootObject = 7158A8B31D462DE200096874 /* Project object */;
}
